{
  "name": "landreg",
  "version": "1.0.0",
  "lockfileVersion": 3,
  "requires": true,
  "packages": {
    "": {
      "name": "landreg",
      "version": "1.0.0",
      "license": "ISC",
      "dependencies": {
        "@openzeppelin/contracts": "^2.4.0"
      },
      "devDependencies": {}
    },
    "node_modules/@openzeppelin/contracts": {
      "version": "2.4.0",
      "resolved": "https://registry.npmjs.org/@openzeppelin/contracts/-/contracts-2.4.0.tgz",
      "integrity": "sha512-xeKP59REgow5TPBJh3S9BRIm7DDG+Rz3Nt4ANWGUkjk4305DHpyUD5CyMJ6nd2JMmZuFyx4mjvvlCtSJLRnN6w==",
      "license": "MIT"
    }
  }
}
